PODS:
  - IQKeyboardManager (6.5.6)
  - QuickLayout (3.0.0)
  - Realm (10.15.0):
    - Realm/Headers (= 10.15.0)
  - Realm/Headers (10.15.0)
  - RealmSwift (10.15.0):
    - Realm (= 10.15.0)
  - SwiftEntryKit (1.2.7):
    - QuickLayout (= 3.0.0)

DEPENDENCIES:
  - IQKeyboardManager
  - RealmSwift
  - SwiftEntryKit (= 1.2.7)

SPEC REPOS:
  trunk:
    - IQKeyboardManager
    - QuickLayout
    - Realm
    - RealmSwift
    - SwiftEntryKit

SPEC CHECKSUMS:
  IQKeyboardManager: 2a6e97afdafc7becf0cb17a9a8d795e3a980717f
  QuickLayout: 07b45a72b10083fee3f095990cfed1c1e7b27f0a
  Realm: 13e805eb23d3eb8d8bb700d9cf9761f4b625b389
  RealmSwift: 51b29bb4e19fe7322c8a599cf3494b8a08888ef1
  SwiftEntryKit: 537c92699d6034efb1ef9c32b11e0b37c97aa589

PODFILE CHECKSUM: 4f0c5767f2006b3a16b193dbfd9c648dcdae3b7a

COCOAPODS: 1.10.1
